
Microsoft Visual Studio Solution File, Format Version 12.00
# Visual Studio 2012
Project("{FAE04EC0-301F-11D3-BF4B-00C04F79EFBC}") = "final", "final\final.csproj", "{7DC7C5AB-AF70-4842-9C3C-CCD3ADF21D2C}"
EndProject
Project("{FAE04EC0-301F-11D3-BF4B-00C04F79EFBC}") = "final.iOS", "iOS\final.iOS.csproj", "{8FFB6D07-69D5-40B8-8855-163DFF29FB43}"
EndProject
Project("{FAE04EC0-301F-11D3-BF4B-00C04F79EFBC}") = "final.Droid", "Droid\final.Droid.csproj", "{8B3786D9-AD41-41E0-B8EE-9DB6391D9B2D}"
EndProject
Global
	GlobalSection(SolutionConfigurationPlatforms) = preSolution
		Debug|Any CPU = Debug|Any CPU
		Release|Any CPU = Release|Any CPU
		Debug|iPhoneSimulator = Debug|iPhoneSimulator
		Release|iPhone = Release|iPhone
		Release|iPhoneSimulator = Release|iPhoneSimulator
		Debug|iPhone = Debug|iPhone
	EndGlobalSection
	GlobalSection(ProjectConfigurationPlatforms) = postSolution
		{7DC7C5AB-AF70-4842-9C3C-CCD3ADF21D2C}.Debug|Any CPU.ActiveCfg = Debug|Any CPU
		{7DC7C5AB-AF70-4842-9C3C-CCD3ADF21D2C}.Debug|Any CPU.Build.0 = Debug|Any CPU
		{7DC7C5AB-AF70-4842-9C3C-CCD3ADF21D2C}.Release|Any CPU.ActiveCfg = Release|Any CPU
		{7DC7C5AB-AF70-4842-9C3C-CCD3ADF21D2C}.Release|Any CPU.Build.0 = Release|Any CPU
		{7DC7C5AB-AF70-4842-9C3C-CCD3ADF21D2C}.Debug|iPhoneSimulator.ActiveCfg = Debug|Any CPU
		{7DC7C5AB-AF70-4842-9C3C-CCD3ADF21D2C}.Debug|iPhoneSimulator.Build.0 = Debug|Any CPU
		{7DC7C5AB-AF70-4842-9C3C-CCD3ADF21D2C}.Release|iPhone.ActiveCfg = Release|Any CPU
		{7DC7C5AB-AF70-4842-9C3C-CCD3ADF21D2C}.Release|iPhone.Build.0 = Release|Any CPU
		{7DC7C5AB-AF70-4842-9C3C-CCD3ADF21D2C}.Release|iPhoneSimulator.ActiveCfg = Release|Any CPU
		{7DC7C5AB-AF70-4842-9C3C-CCD3ADF21D2C}.Release|iPhoneSimulator.Build.0 = Release|Any CPU
		{7DC7C5AB-AF70-4842-9C3C-CCD3ADF21D2C}.Debug|iPhone.ActiveCfg = Debug|Any CPU
		{7DC7C5AB-AF70-4842-9C3C-CCD3ADF21D2C}.Debug|iPhone.Build.0 = Debug|Any CPU
		{8FFB6D07-69D5-40B8-8855-163DFF29FB43}.Debug|Any CPU.ActiveCfg = Debug|iPhoneSimulator
		{8FFB6D07-69D5-40B8-8855-163DFF29FB43}.Debug|Any CPU.Build.0 = Debug|iPhoneSimulator
		{8FFB6D07-69D5-40B8-8855-163DFF29FB43}.Release|Any CPU.ActiveCfg = Release|iPhone
		{8FFB6D07-69D5-40B8-8855-163DFF29FB43}.Release|Any CPU.Build.0 = Release|iPhone
		{8FFB6D07-69D5-40B8-8855-163DFF29FB43}.Debug|iPhoneSimulator.ActiveCfg = Debug|iPhoneSimulator
		{8FFB6D07-69D5-40B8-8855-163DFF29FB43}.Debug|iPhoneSimulator.Build.0 = Debug|iPhoneSimulator
		{8FFB6D07-69D5-40B8-8855-163DFF29FB43}.Release|iPhone.ActiveCfg = Release|iPhone
		{8FFB6D07-69D5-40B8-8855-163DFF29FB43}.Release|iPhone.Build.0 = Release|iPhone
		{8FFB6D07-69D5-40B8-8855-163DFF29FB43}.Release|iPhoneSimulator.ActiveCfg = Release|iPhoneSimulator
		{8FFB6D07-69D5-40B8-8855-163DFF29FB43}.Release|iPhoneSimulator.Build.0 = Release|iPhoneSimulator
		{8FFB6D07-69D5-40B8-8855-163DFF29FB43}.Debug|iPhone.ActiveCfg = Debug|iPhone
		{8FFB6D07-69D5-40B8-8855-163DFF29FB43}.Debug|iPhone.Build.0 = Debug|iPhone
		{8B3786D9-AD41-41E0-B8EE-9DB6391D9B2D}.Debug|Any CPU.ActiveCfg = Debug|Any CPU
		{8B3786D9-AD41-41E0-B8EE-9DB6391D9B2D}.Debug|Any CPU.Build.0 = Debug|Any CPU
		{8B3786D9-AD41-41E0-B8EE-9DB6391D9B2D}.Release|Any CPU.ActiveCfg = Release|Any CPU
		{8B3786D9-AD41-41E0-B8EE-9DB6391D9B2D}.Release|Any CPU.Build.0 = Release|Any CPU
		{8B3786D9-AD41-41E0-B8EE-9DB6391D9B2D}.Debug|iPhoneSimulator.ActiveCfg = Debug|Any CPU
		{8B3786D9-AD41-41E0-B8EE-9DB6391D9B2D}.Debug|iPhoneSimulator.Build.0 = Debug|Any CPU
		{8B3786D9-AD41-41E0-B8EE-9DB6391D9B2D}.Release|iPhone.ActiveCfg = Release|Any CPU
		{8B3786D9-AD41-41E0-B8EE-9DB6391D9B2D}.Release|iPhone.Build.0 = Release|Any CPU
		{8B3786D9-AD41-41E0-B8EE-9DB6391D9B2D}.Release|iPhoneSimulator.ActiveCfg = Release|Any CPU
		{8B3786D9-AD41-41E0-B8EE-9DB6391D9B2D}.Release|iPhoneSimulator.Build.0 = Release|Any CPU
		{8B3786D9-AD41-41E0-B8EE-9DB6391D9B2D}.Debug|iPhone.ActiveCfg = Debug|Any CPU
		{8B3786D9-AD41-41E0-B8EE-9DB6391D9B2D}.Debug|iPhone.Build.0 = Debug|Any CPU
	EndGlobalSection
EndGlobal
